
Microsoft Visual Studio Solution File, Format Version 12.00
# Visual Studio Version 17
VisualStudioVersion = 17.8.34322.80
MinimumVisualStudioVersion = 10.0.40219.1
Project("{FAE04EC0-301F-11D3-BF4B-00C04F79EFBC}") = "Luke.IBatisNet.Common", "Luke.IBatisNet.Common\Luke.IBatisNet.Common.csproj", "{0564FB9C-AF24-4D96-AC9B-566E4457B58B}"
EndProject
Project("{FAE04EC0-301F-11D3-BF4B-00C04F79EFBC}") = "Luke.IBatisNet.DataAccess", "Luke.IBatisNet.DataAccess\Luke.IBatisNet.DataAccess.csproj", "{081EDBF4-7A6C-436D-B3EC-9885EB7C00F3}"
EndProject
Project("{FAE04EC0-301F-11D3-BF4B-00C04F79EFBC}") = "Luke.IBatisNet.DataMapper", "Luke.IBatisNet.DataMapper\Luke.IBatisNet.DataMapper.csproj", "{FAD1F7E2-EDFE-458A-AEC5-839DCF94CC3B}"
EndProject
Project("{2150E333-8FDC-42A3-9474-1A3956D46DE8}") = "example", "example", "{0EC4CB86-DC1C-43AA-8874-6F468636EFDD}"
EndProject
Project("{FAE04EC0-301F-11D3-BF4B-00C04F79EFBC}") = "ConsoleTest", "ConsoleTest\ConsoleTest.csproj", "{24F549A9-AE67-4E8F-B54D-62B90A827376}"
EndProject
Global
	GlobalSection(SolutionConfigurationPlatforms) = preSolution
		Debug|Any CPU = Debug|Any CPU
		Release|Any CPU = Release|Any CPU
	EndGlobalSection
	GlobalSection(ProjectConfigurationPlatforms) = postSolution
		{0564FB9C-AF24-4D96-AC9B-566E4457B58B}.Debug|Any CPU.ActiveCfg = Debug|Any CPU
		{0564FB9C-AF24-4D96-AC9B-566E4457B58B}.Debug|Any CPU.Build.0 = Debug|Any CPU
		{0564FB9C-AF24-4D96-AC9B-566E4457B58B}.Release|Any CPU.ActiveCfg = Release|Any CPU
		{0564FB9C-AF24-4D96-AC9B-566E4457B58B}.Release|Any CPU.Build.0 = Release|Any CPU
		{081EDBF4-7A6C-436D-B3EC-9885EB7C00F3}.Debug|Any CPU.ActiveCfg = Debug|Any CPU
		{081EDBF4-7A6C-436D-B3EC-9885EB7C00F3}.Debug|Any CPU.Build.0 = Debug|Any CPU
		{081EDBF4-7A6C-436D-B3EC-9885EB7C00F3}.Release|Any CPU.ActiveCfg = Release|Any CPU
		{081EDBF4-7A6C-436D-B3EC-9885EB7C00F3}.Release|Any CPU.Build.0 = Release|Any CPU
		{FAD1F7E2-EDFE-458A-AEC5-839DCF94CC3B}.Debug|Any CPU.ActiveCfg = Debug|Any CPU
		{FAD1F7E2-EDFE-458A-AEC5-839DCF94CC3B}.Debug|Any CPU.Build.0 = Debug|Any CPU
		{FAD1F7E2-EDFE-458A-AEC5-839DCF94CC3B}.Release|Any CPU.ActiveCfg = Release|Any CPU
		{FAD1F7E2-EDFE-458A-AEC5-839DCF94CC3B}.Release|Any CPU.Build.0 = Release|Any CPU
		{24F549A9-AE67-4E8F-B54D-62B90A827376}.Debug|Any CPU.ActiveCfg = Debug|Any CPU
		{24F549A9-AE67-4E8F-B54D-62B90A827376}.Debug|Any CPU.Build.0 = Debug|Any CPU
		{24F549A9-AE67-4E8F-B54D-62B90A827376}.Release|Any CPU.ActiveCfg = Release|Any CPU
		{24F549A9-AE67-4E8F-B54D-62B90A827376}.Release|Any CPU.Build.0 = Release|Any CPU
	EndGlobalSection
	GlobalSection(SolutionProperties) = preSolution
		HideSolutionNode = FALSE
	EndGlobalSection
	GlobalSection(NestedProjects) = preSolution
		{24F549A9-AE67-4E8F-B54D-62B90A827376} = {0EC4CB86-DC1C-43AA-8874-6F468636EFDD}
	EndGlobalSection
	GlobalSection(ExtensibilityGlobals) = postSolution
		SolutionGuid = {BCE42225-1FDF-4F70-9B70-4F15DDDC8F1E}
	EndGlobalSection
EndGlobal
